
Microsoft Visual Studio Solution File, Format Version 12.00
# Visual Studio Version 16
VisualStudioVersion = 16.0.30114.105
MinimumVisualStudioVersion = 10.0.40219.1
Project("{FAE04EC0-301F-11D3-BF4B-00C04F79EFBC}") = "Abdullin01", "Abdullin01\Abdullin01.csproj", "{418985AA-3F06-474C-B548-7030A67050EB}"
EndProject
Project("{FAE04EC0-301F-11D3-BF4B-00C04F79EFBC}") = "Abdullin02", "Abdullin02\Abdullin02.csproj", "{9F94A110-7794-486C-A9CB-94D2F4D7D472}"
EndProject
Project("{FAE04EC0-301F-11D3-BF4B-00C04F79EFBC}") = "Abdullin03", "Abdullin03\Abdullin03.csproj", "{528E618B-3A2D-4F17-912F-DBB085EDE8D8}"
EndProject
Project("{FAE04EC0-301F-11D3-BF4B-00C04F79EFBC}") = "Abdullin04", "Abdullin04\Abdullin04.csproj", "{CE816FEB-D9D9-4D85-866B-994D3368F594}"
EndProject
Project("{FAE04EC0-301F-11D3-BF4B-00C04F79EFBC}") = "Abdullin05", "Abdullin05\Abdullin05.csproj", "{BABE188F-17C0-4DAC-9C87-72FCBF116C9F}"
EndProject
Project("{FAE04EC0-301F-11D3-BF4B-00C04F79EFBC}") = "Abdullin06", "Abdullin06\Abdullin06.csproj", "{02A34AD5-E657-4320-839A-DA85049A3A9F}"
EndProject
Project("{9A19103F-16F7-4668-BE54-9A1E7A4F7556}") = "Abdullin08", "Abdullin08\Abdullin08.csproj", "{2C7140F3-DAEB-4956-9298-55A3F9F2D8FC}"
EndProject
Project("{FAE04EC0-301F-11D3-BF4B-00C04F79EFBC}") = "Abdullin07", "Abdullin07\Abdullin07.csproj", "{60A1793A-8D33-42FA-8E17-BD7F1FC93DA3}"
EndProject
Global
	GlobalSection(SolutionConfigurationPlatforms) = preSolution
		Debug|Any CPU = Debug|Any CPU
		Release|Any CPU = Release|Any CPU
	EndGlobalSection
	GlobalSection(ProjectConfigurationPlatforms) = postSolution
		{418985AA-3F06-474C-B548-7030A67050EB}.Debug|Any CPU.ActiveCfg = Debug|Any CPU
		{418985AA-3F06-474C-B548-7030A67050EB}.Debug|Any CPU.Build.0 = Debug|Any CPU
		{418985AA-3F06-474C-B548-7030A67050EB}.Release|Any CPU.ActiveCfg = Release|Any CPU
		{418985AA-3F06-474C-B548-7030A67050EB}.Release|Any CPU.Build.0 = Release|Any CPU
		{9F94A110-7794-486C-A9CB-94D2F4D7D472}.Debug|Any CPU.ActiveCfg = Debug|Any CPU
		{9F94A110-7794-486C-A9CB-94D2F4D7D472}.Debug|Any CPU.Build.0 = Debug|Any CPU
		{9F94A110-7794-486C-A9CB-94D2F4D7D472}.Release|Any CPU.ActiveCfg = Release|Any CPU
		{9F94A110-7794-486C-A9CB-94D2F4D7D472}.Release|Any CPU.Build.0 = Release|Any CPU
		{528E618B-3A2D-4F17-912F-DBB085EDE8D8}.Debug|Any CPU.ActiveCfg = Debug|Any CPU
		{528E618B-3A2D-4F17-912F-DBB085EDE8D8}.Debug|Any CPU.Build.0 = Debug|Any CPU
		{528E618B-3A2D-4F17-912F-DBB085EDE8D8}.Release|Any CPU.ActiveCfg = Release|Any CPU
		{528E618B-3A2D-4F17-912F-DBB085EDE8D8}.Release|Any CPU.Build.0 = Release|Any CPU
		{CE816FEB-D9D9-4D85-866B-994D3368F594}.Debug|Any CPU.ActiveCfg = Debug|Any CPU
		{CE816FEB-D9D9-4D85-866B-994D3368F594}.Debug|Any CPU.Build.0 = Debug|Any CPU
		{CE816FEB-D9D9-4D85-866B-994D3368F594}.Release|Any CPU.ActiveCfg = Release|Any CPU
		{CE816FEB-D9D9-4D85-866B-994D3368F594}.Release|Any CPU.Build.0 = Release|Any CPU
		{BABE188F-17C0-4DAC-9C87-72FCBF116C9F}.Debug|Any CPU.ActiveCfg = Debug|Any CPU
		{BABE188F-17C0-4DAC-9C87-72FCBF116C9F}.Debug|Any CPU.Build.0 = Debug|Any CPU
		{BABE188F-17C0-4DAC-9C87-72FCBF116C9F}.Release|Any CPU.ActiveCfg = Release|Any CPU
		{BABE188F-17C0-4DAC-9C87-72FCBF116C9F}.Release|Any CPU.Build.0 = Release|Any CPU
		{02A34AD5-E657-4320-839A-DA85049A3A9F}.Debug|Any CPU.ActiveCfg = Debug|Any CPU
		{02A34AD5-E657-4320-839A-DA85049A3A9F}.Debug|Any CPU.Build.0 = Debug|Any CPU
		{02A34AD5-E657-4320-839A-DA85049A3A9F}.Release|Any CPU.ActiveCfg = Release|Any CPU
		{02A34AD5-E657-4320-839A-DA85049A3A9F}.Release|Any CPU.Build.0 = Release|Any CPU
		{2C7140F3-DAEB-4956-9298-55A3F9F2D8FC}.Debug|Any CPU.ActiveCfg = Debug|Any CPU
		{2C7140F3-DAEB-4956-9298-55A3F9F2D8FC}.Debug|Any CPU.Build.0 = Debug|Any CPU
		{2C7140F3-DAEB-4956-9298-55A3F9F2D8FC}.Release|Any CPU.ActiveCfg = Release|Any CPU
		{2C7140F3-DAEB-4956-9298-55A3F9F2D8FC}.Release|Any CPU.Build.0 = Release|Any CPU
		{60A1793A-8D33-42FA-8E17-BD7F1FC93DA3}.Debug|Any CPU.ActiveCfg = Debug|Any CPU
		{60A1793A-8D33-42FA-8E17-BD7F1FC93DA3}.Debug|Any CPU.Build.0 = Debug|Any CPU
		{60A1793A-8D33-42FA-8E17-BD7F1FC93DA3}.Release|Any CPU.ActiveCfg = Release|Any CPU
		{60A1793A-8D33-42FA-8E17-BD7F1FC93DA3}.Release|Any CPU.Build.0 = Release|Any CPU
	EndGlobalSection
	GlobalSection(SolutionProperties) = preSolution
		HideSolutionNode = FALSE
	EndGlobalSection
	GlobalSection(ExtensibilityGlobals) = postSolution
		SolutionGuid = {634F01B2-EEDB-49F8-9195-A7BCEAA400C2}
	EndGlobalSection
EndGlobal
